
Microsoft Visual Studio Solution File, Format Version 12.00
# Visual Studio Version 17
VisualStudioVersion = 17.4.33213.308
MinimumVisualStudioVersion = 10.0.40219.1
Project("{FAE04EC0-301F-11D3-BF4B-00C04F79EFBC}") = "PruebaCV_RaulGL", "PruebaCV_RaulGL\PruebaCV_RaulGL.csproj", "{6C0FF92C-FDCA-44AE-9650-EF830E69EB77}"
EndProject
Global
	GlobalSection(SolutionConfigurationPlatforms) = preSolution
		Debug|Any CPU = Debug|Any CPU
		Release|Any CPU = Release|Any CPU
	EndGlobalSection
	GlobalSection(ProjectConfigurationPlatforms) = postSolution
		{6C0FF92C-FDCA-44AE-9650-EF830E69EB77}.Debug|Any CPU.ActiveCfg = Debug|Any CPU
		{6C0FF92C-FDCA-44AE-9650-EF830E69EB77}.Debug|Any CPU.Build.0 = Debug|Any CPU
		{6C0FF92C-FDCA-44AE-9650-EF830E69EB77}.Release|Any CPU.ActiveCfg = Release|Any CPU
		{6C0FF92C-FDCA-44AE-9650-EF830E69EB77}.Release|Any CPU.Build.0 = Release|Any CPU
	EndGlobalSection
	GlobalSection(SolutionProperties) = preSolution
		HideSolutionNode = FALSE
	EndGlobalSection
	GlobalSection(ExtensibilityGlobals) = postSolution
		SolutionGuid = {5C18011E-7F04-4F14-ABAF-A52F587DCA5B}
	EndGlobalSection
EndGlobal
